
Microsoft Visual Studio Solution File, Format Version 12.00
# Visual Studio Version 17
VisualStudioVersion = 17.11.35327.3
MinimumVisualStudioVersion = 10.0.40219.1
Project("{FAE04EC0-301F-11D3-BF4B-00C04F79EFBC}") = "RectangleCalc", "RectangleCalc\RectangleCalc.csproj", "{92F2219A-A0C7-44D2-B9FC-1AA95F01DBEB}"
EndProject
Global
	GlobalSection(SolutionConfigurationPlatforms) = preSolution
		Debug|Any CPU = Debug|Any CPU
		Release|Any CPU = Release|Any CPU
	EndGlobalSection
	GlobalSection(ProjectConfigurationPlatforms) = postSolution
		{92F2219A-A0C7-44D2-B9FC-1AA95F01DBEB}.Debug|Any CPU.ActiveCfg = Debug|Any CPU
		{92F2219A-A0C7-44D2-B9FC-1AA95F01DBEB}.Debug|Any CPU.Build.0 = Debug|Any CPU
		{92F2219A-A0C7-44D2-B9FC-1AA95F01DBEB}.Release|Any CPU.ActiveCfg = Release|Any CPU
		{92F2219A-A0C7-44D2-B9FC-1AA95F01DBEB}.Release|Any CPU.Build.0 = Release|Any CPU
	EndGlobalSection
	GlobalSection(SolutionProperties) = preSolution
		HideSolutionNode = FALSE
	EndGlobalSection
	GlobalSection(ExtensibilityGlobals) = postSolution
		SolutionGuid = {445FA7CC-412D-4F13-82BF-814139BA1E3C}
	EndGlobalSection
EndGlobal
